
Microsoft Visual Studio Solution File, Format Version 12.00
# Visual Studio Version 17
VisualStudioVersion = 17.14.36127.28 d17.14
MinimumVisualStudioVersion = 10.0.40219.1
Project("{8BC9CEB8-8B4A-11D0-8D11-00A0C91BC942}") = "zmq_basics", "zmq_basics.vcxproj", "{98A56832-ADBB-4B93-AE70-DB35F7E76213}"
EndProject
Global
	GlobalSection(SolutionConfigurationPlatforms) = preSolution
		Debug|x64 = Debug|x64
		Debug|x86 = Debug|x86
		Release|x64 = Release|x64
		Release|x86 = Release|x86
	EndGlobalSection
	GlobalSection(ProjectConfigurationPlatforms) = postSolution
		{98A56832-ADBB-4B93-AE70-DB35F7E76213}.Debug|x64.ActiveCfg = Debug|x64
		{98A56832-ADBB-4B93-AE70-DB35F7E76213}.Debug|x64.Build.0 = Debug|x64
		{98A56832-ADBB-4B93-AE70-DB35F7E76213}.Debug|x86.ActiveCfg = Debug|Win32
		{98A56832-ADBB-4B93-AE70-DB35F7E76213}.Debug|x86.Build.0 = Debug|Win32
		{98A56832-ADBB-4B93-AE70-DB35F7E76213}.Release|x64.ActiveCfg = Release|x64
		{98A56832-ADBB-4B93-AE70-DB35F7E76213}.Release|x64.Build.0 = Release|x64
		{98A56832-ADBB-4B93-AE70-DB35F7E76213}.Release|x86.ActiveCfg = Release|Win32
		{98A56832-ADBB-4B93-AE70-DB35F7E76213}.Release|x86.Build.0 = Release|Win32
	EndGlobalSection
	GlobalSection(SolutionProperties) = preSolution
		HideSolutionNode = FALSE
	EndGlobalSection
	GlobalSection(ExtensibilityGlobals) = postSolution
		SolutionGuid = {16E15AD5-7F6E-40E2-9DFD-7AA3B459E358}
	EndGlobalSection
EndGlobal
